
Microsoft Visual Studio Solution File, Format Version 12.00
# Visual Studio Version 17
VisualStudioVersion = 17.13.35825.156 d17.13
MinimumVisualStudioVersion = 10.0.40219.1
Project("{FAE04EC0-301F-11D3-BF4B-00C04F79EFBC}") = "RON_Server-Browser", "RON_Server-Browser\RON_Server-Browser.csproj", "{7EC9F8BA-7066-4C05-8154-5E592BFAE96D}"
EndProject
Global
	GlobalSection(SolutionConfigurationPlatforms) = preSolution
		Debug|Any CPU = Debug|Any CPU
		Release|Any CPU = Release|Any CPU
	EndGlobalSection
	GlobalSection(ProjectConfigurationPlatforms) = postSolution
		{7EC9F8BA-7066-4C05-8154-5E592BFAE96D}.Debug|Any CPU.ActiveCfg = Debug|Any CPU
		{7EC9F8BA-7066-4C05-8154-5E592BFAE96D}.Debug|Any CPU.Build.0 = Debug|Any CPU
		{7EC9F8BA-7066-4C05-8154-5E592BFAE96D}.Release|Any CPU.ActiveCfg = Release|Any CPU
		{7EC9F8BA-7066-4C05-8154-5E592BFAE96D}.Release|Any CPU.Build.0 = Release|Any CPU
	EndGlobalSection
	GlobalSection(SolutionProperties) = preSolution
		HideSolutionNode = FALSE
	EndGlobalSection
	GlobalSection(ExtensibilityGlobals) = postSolution
		SolutionGuid = {7E1BD2CB-5F65-4120-A3F5-C6387CC81DAA}
	EndGlobalSection
EndGlobal
